
Microsoft Visual Studio Solution File, Format Version 12.00
# Visual Studio Version 16
VisualStudioVersion = 16.0.30523.141
MinimumVisualStudioVersion = 10.0.40219.1
Project("{9A19103F-16F7-4668-BE54-9A1E7A4F7556}") = "OnlineAuction", "OnlineAuction.csproj", "{A2D9B950-C121-44FF-B765-EF33DBEB4853}"
EndProject
Project("{9A19103F-16F7-4668-BE54-9A1E7A4F7556}") = "OnlineAuction.WebTests", "..\OnlineAuction.WebTests\OnlineAuction.WebTests.csproj", "{29A1ABBB-BDB0-4312-94B0-6493AA76EFC4}"
EndProject
Project("{FAE04EC0-301F-11D3-BF4B-00C04F79EFBC}") = "OnlineAuction.ApplicationTests", "..\OnlineAuction.ApplicationTests\OnlineAuction.ApplicationTests.csproj", "{7E53548E-BA67-499C-B2D5-C647ED8C21F3}"
EndProject
Global
	GlobalSection(SolutionConfigurationPlatforms) = preSolution
		Debug|Any CPU = Debug|Any CPU
		Release|Any CPU = Release|Any CPU
	EndGlobalSection
	GlobalSection(ProjectConfigurationPlatforms) = postSolution
		{A2D9B950-C121-44FF-B765-EF33DBEB4853}.Debug|Any CPU.ActiveCfg = Debug|Any CPU
		{A2D9B950-C121-44FF-B765-EF33DBEB4853}.Debug|Any CPU.Build.0 = Debug|Any CPU
		{A2D9B950-C121-44FF-B765-EF33DBEB4853}.Release|Any CPU.ActiveCfg = Release|Any CPU
		{A2D9B950-C121-44FF-B765-EF33DBEB4853}.Release|Any CPU.Build.0 = Release|Any CPU
		{29A1ABBB-BDB0-4312-94B0-6493AA76EFC4}.Debug|Any CPU.ActiveCfg = Debug|Any CPU
		{29A1ABBB-BDB0-4312-94B0-6493AA76EFC4}.Debug|Any CPU.Build.0 = Debug|Any CPU
		{29A1ABBB-BDB0-4312-94B0-6493AA76EFC4}.Release|Any CPU.ActiveCfg = Release|Any CPU
		{29A1ABBB-BDB0-4312-94B0-6493AA76EFC4}.Release|Any CPU.Build.0 = Release|Any CPU
		{7E53548E-BA67-499C-B2D5-C647ED8C21F3}.Debug|Any CPU.ActiveCfg = Debug|Any CPU
		{7E53548E-BA67-499C-B2D5-C647ED8C21F3}.Debug|Any CPU.Build.0 = Debug|Any CPU
		{7E53548E-BA67-499C-B2D5-C647ED8C21F3}.Release|Any CPU.ActiveCfg = Release|Any CPU
		{7E53548E-BA67-499C-B2D5-C647ED8C21F3}.Release|Any CPU.Build.0 = Release|Any CPU
	EndGlobalSection
	GlobalSection(SolutionProperties) = preSolution
		HideSolutionNode = FALSE
	EndGlobalSection
	GlobalSection(ExtensibilityGlobals) = postSolution
		SolutionGuid = {4186FA66-039F-4E22-B092-E51CD6CB1C84}
	EndGlobalSection
EndGlobal
